
Microsoft Visual Studio Solution File, Format Version 12.00
# Visual Studio Version 17
VisualStudioVersion = 17.6.33723.286
MinimumVisualStudioVersion = 10.0.40219.1
Project("{FAE04EC0-301F-11D3-BF4B-00C04F79EFBC}") = "Calculator", "Calculator\Calculator.csproj", "{67DF9647-56ED-415C-B1EE-7075C9B49E43}"
EndProject
Global
	GlobalSection(SolutionConfigurationPlatforms) = preSolution
		Debug|Any CPU = Debug|Any CPU
		Release|Any CPU = Release|Any CPU
	EndGlobalSection
	GlobalSection(ProjectConfigurationPlatforms) = postSolution
		{67DF9647-56ED-415C-B1EE-7075C9B49E43}.Debug|Any CPU.ActiveCfg = Debug|Any CPU
		{67DF9647-56ED-415C-B1EE-7075C9B49E43}.Debug|Any CPU.Build.0 = Debug|Any CPU
		{67DF9647-56ED-415C-B1EE-7075C9B49E43}.Release|Any CPU.ActiveCfg = Release|Any CPU
		{67DF9647-56ED-415C-B1EE-7075C9B49E43}.Release|Any CPU.Build.0 = Release|Any CPU
	EndGlobalSection
	GlobalSection(SolutionProperties) = preSolution
		HideSolutionNode = FALSE
	EndGlobalSection
	GlobalSection(ExtensibilityGlobals) = postSolution
		SolutionGuid = {51A5D57E-0589-45CE-BF58-4950B10256A1}
	EndGlobalSection
EndGlobal
